
Microsoft Visual Studio Solution File, Format Version 12.00
# Visual Studio Version 17
VisualStudioVersion = 17.13.35919.96 d17.13
MinimumVisualStudioVersion = 10.0.40219.1
Project("{FAE04EC0-301F-11D3-BF4B-00C04F79EFBC}") = "Speedmelon", "Speedmelon\Speedmelon.csproj", "{49CDBE66-E6C6-4F1A-BFC6-8A81D4B06D62}"
EndProject
Global
	GlobalSection(SolutionConfigurationPlatforms) = preSolution
		Debug|Any CPU = Debug|Any CPU
		Release|Any CPU = Release|Any CPU
	EndGlobalSection
	GlobalSection(ProjectConfigurationPlatforms) = postSolution
		{49CDBE66-E6C6-4F1A-BFC6-8A81D4B06D62}.Debug|Any CPU.ActiveCfg = Debug|Any CPU
		{49CDBE66-E6C6-4F1A-BFC6-8A81D4B06D62}.Debug|Any CPU.Build.0 = Debug|Any CPU
		{49CDBE66-E6C6-4F1A-BFC6-8A81D4B06D62}.Release|Any CPU.ActiveCfg = Release|Any CPU
		{49CDBE66-E6C6-4F1A-BFC6-8A81D4B06D62}.Release|Any CPU.Build.0 = Release|Any CPU
	EndGlobalSection
	GlobalSection(SolutionProperties) = preSolution
		HideSolutionNode = FALSE
	EndGlobalSection
	GlobalSection(ExtensibilityGlobals) = postSolution
		SolutionGuid = {05C82DC0-8FAA-417C-AE94-6865256C1EE1}
	EndGlobalSection
EndGlobal
